
Microsoft Visual Studio Solution File, Format Version 12.00
# Visual Studio 15
VisualStudioVersion = 15.0.27004.2006
MinimumVisualStudioVersion = 10.0.40219.1
Project("{888888A0-9F3D-457C-B088-3A5042F75D52}") = "py_parser", "py_parser\py_parser.pyproj", "{6F9953D3-809D-4315-BEFE-BCC2A37F59A4}"
EndProject
Global
	GlobalSection(SolutionConfigurationPlatforms) = preSolution
		Debug|Any CPU = Debug|Any CPU
		Release|Any CPU = Release|Any CPU
	EndGlobalSection
	GlobalSection(ProjectConfigurationPlatforms) = postSolution
		{6F9953D3-809D-4315-BEFE-BCC2A37F59A4}.Debug|Any CPU.ActiveCfg = Debug|Any CPU
		{6F9953D3-809D-4315-BEFE-BCC2A37F59A4}.Release|Any CPU.ActiveCfg = Release|Any CPU
	EndGlobalSection
	GlobalSection(SolutionProperties) = preSolution
		HideSolutionNode = FALSE
	EndGlobalSection
	GlobalSection(ExtensibilityGlobals) = postSolution
		SolutionGuid = {534B40F9-24F2-4177-A978-0C88D3911468}
	EndGlobalSection
EndGlobal
